
Microsoft Visual Studio Solution File, Format Version 12.00
# Visual Studio Version 16
VisualStudioVersion = 16.0.29230.47
MinimumVisualStudioVersion = 10.0.40219.1
Project("{FAE04EC0-301F-11D3-BF4B-00C04F79EFBC}") = "EmpMgr", "EmpMgr\EmpMgr.csproj", "{9330FF98-AE88-4267-9108-41DFE104D316}"
EndProject
Global
	GlobalSection(SolutionConfigurationPlatforms) = preSolution
		Debug|Any CPU = Debug|Any CPU
		Release|Any CPU = Release|Any CPU
	EndGlobalSection
	GlobalSection(ProjectConfigurationPlatforms) = postSolution
		{9330FF98-AE88-4267-9108-41DFE104D316}.Debug|Any CPU.ActiveCfg = Debug|Any CPU
		{9330FF98-AE88-4267-9108-41DFE104D316}.Debug|Any CPU.Build.0 = Debug|Any CPU
		{9330FF98-AE88-4267-9108-41DFE104D316}.Release|Any CPU.ActiveCfg = Release|Any CPU
		{9330FF98-AE88-4267-9108-41DFE104D316}.Release|Any CPU.Build.0 = Release|Any CPU
	EndGlobalSection
	GlobalSection(SolutionProperties) = preSolution
		HideSolutionNode = FALSE
	EndGlobalSection
	GlobalSection(ExtensibilityGlobals) = postSolution
		SolutionGuid = {0CEEE42E-F40A-4944-80EB-A2C21F5E2F50}
	EndGlobalSection
EndGlobal
